// !$*UTF8*$!
{
	archiveVersion = 1;
	classes = {};
	objectVersion = 56;
	objects = {

/* Begin PBXBuildFile section */
		597B6D68009BB33533FE6411 /* AperturaApp.swift in Sources */ = {isa = PBXBuildFile; fileRef = 2809120A867C51E4464FF753 /* AperturaApp.swift */; };
		B9831640A89E9B826D2C7B66 /* FilmFormat.swift in Sources */ = {isa = PBXBuildFile; fileRef = 81B5D821F0B275919B10EEDC /* FilmFormat.swift */; };
		1873DF46800ED200184DFE44 /* Frame.swift in Sources */ = {isa = PBXBuildFile; fileRef = F798CB06917DB856D1877807 /* Frame.swift */; };
		2116402E1A3CFBCB1EC577C8 /* Roll.swift in Sources */ = {isa = PBXBuildFile; fileRef = E86881B3103AF886B2D6F253 /* Roll.swift */; };
		CC9CE5812CD5FAC5BADF9E04 /* Brand.swift in Sources */ = {isa = PBXBuildFile; fileRef = AF8D3CB0EC162D5DE9EAA454 /* Brand.swift */; };
		507D81925FF7A8493AB537F6 /* Exposure.swift in Sources */ = {isa = PBXBuildFile; fileRef = FF15F62ED241B5D4D92209DB /* Exposure.swift */; };
		1C256034CB597D787254AE6D /* Haptics.swift in Sources */ = {isa = PBXBuildFile; fileRef = 33DB2FADC2AA57B15B1EBCDC /* Haptics.swift */; };
		09A910053490F4A0E3824385 /* RollExport.swift in Sources */ = {isa = PBXBuildFile; fileRef = AB676A6E6A48D408B8111718 /* RollExport.swift */; };
		D36FBC5C723A48B0EC9D8547 /* SampleData.swift in Sources */ = {isa = PBXBuildFile; fileRef = E3D7BEC91B3594CDED8414DE /* SampleData.swift */; };
		D6210C748E5E01EB7FD4D6B8 /* CalculatorViewModel.swift in Sources */ = {isa = PBXBuildFile; fileRef = EED27DB2198F1CF900DF76C2 /* CalculatorViewModel.swift */; };
		C5ADFA138218C5370A09DD27 /* SettingsStore.swift in Sources */ = {isa = PBXBuildFile; fileRef = 2769B56B506F92A9EC0B0AD6 /* SettingsStore.swift */; };
		7F2C9F20E95E7F2B84D1FFA2 /* CalculatorView.swift in Sources */ = {isa = PBXBuildFile; fileRef = B1684E322148006F04FFEC58 /* CalculatorView.swift */; };
		2C76DB56163520482061DDC6 /* Components.swift in Sources */ = {isa = PBXBuildFile; fileRef = 32C4D4E2DCC5F9CA6E2CF90C /* Components.swift */; };
		2A2A0241C027AA3B6E6375E6 /* FrameEditView.swift in Sources */ = {isa = PBXBuildFile; fileRef = 6F1AECA675076403684999AD /* FrameEditView.swift */; };
		19C93352AF31EE3E5280391F /* OnboardingView.swift in Sources */ = {isa = PBXBuildFile; fileRef = D77A2A17B8BA2354FF8110AB /* OnboardingView.swift */; };
		8BCF4D55EB5DD32D99A92026 /* RollDetailView.swift in Sources */ = {isa = PBXBuildFile; fileRef = 179278C1DBF1CA08E785A5C2 /* RollDetailView.swift */; };
		74A6458DF04770BF3A19A8B4 /* RollEditView.swift in Sources */ = {isa = PBXBuildFile; fileRef = 1AE0EE5822E0ED6759A85661 /* RollEditView.swift */; };
		104DD02917574F121F4554FE /* RollsListView.swift in Sources */ = {isa = PBXBuildFile; fileRef = 5A11CAA8A9EA258AA29107D8 /* RollsListView.swift */; };
		9D04D54C2DD811DCF782D248 /* RootView.swift in Sources */ = {isa = PBXBuildFile; fileRef = 3EE222121CD6F08E637D4EA5 /* RootView.swift */; };
		C51E099FDFCD6A42A16224C6 /* SettingsView.swift in Sources */ = {isa = PBXBuildFile; fileRef = 9407BEE8B8BCA23C42831541 /* SettingsView.swift */; };
		44BE0160A81EA8065772CB6A /* Assets.xcassets in Resources */ = {isa = PBXBuildFile; fileRef = 592629F0244A5846AB5C79DD /* Assets.xcassets */; };
		35C83EAA5A1B508FE07687EB /* Preview Content in Resources */ = {isa = PBXBuildFile; fileRef = 2AB78418B784E2B778594893 /* Preview Content */; };
/* End PBXBuildFile section */

/* Begin PBXFileReference section */
		85673086EF6CFD3A1F8591AF /* Apertura.app */ = {isa = PBXFileReference; explicitFileType = wrapper.application; includeInIndex = 0; path = Apertura.app; sourceTree = BUILT_PRODUCTS_DIR; };
		2809120A867C51E4464FF753 /* AperturaApp.swift */ = {isa = PBXFileReference; lastKnownFileType = sourcecode.swift; name = "AperturaApp.swift"; path = "AperturaApp.swift"; sourceTree = "<group>"; };
		81B5D821F0B275919B10EEDC /* FilmFormat.swift */ = {isa = PBXFileReference; lastKnownFileType = sourcecode.swift; name = "FilmFormat.swift"; path = "Models/FilmFormat.swift"; sourceTree = "<group>"; };
		F798CB06917DB856D1877807 /* Frame.swift */ = {isa = PBXFileReference; lastKnownFileType = sourcecode.swift; name = "Frame.swift"; path = "Models/Frame.swift"; sourceTree = "<group>"; };
		E86881B3103AF886B2D6F253 /* Roll.swift */ = {isa = PBXFileReference; lastKnownFileType = sourcecode.swift; name = "Roll.swift"; path = "Models/Roll.swift"; sourceTree = "<group>"; };
		AF8D3CB0EC162D5DE9EAA454 /* Brand.swift */ = {isa = PBXFileReference; lastKnownFileType = sourcecode.swift; name = "Brand.swift"; path = "Theme/Brand.swift"; sourceTree = "<group>"; };
		FF15F62ED241B5D4D92209DB /* Exposure.swift */ = {isa = PBXFileReference; lastKnownFileType = sourcecode.swift; name = "Exposure.swift"; path = "Utilities/Exposure.swift"; sourceTree = "<group>"; };
		33DB2FADC2AA57B15B1EBCDC /* Haptics.swift */ = {isa = PBXFileReference; lastKnownFileType = sourcecode.swift; name = "Haptics.swift"; path = "Utilities/Haptics.swift"; sourceTree = "<group>"; };
		AB676A6E6A48D408B8111718 /* RollExport.swift */ = {isa = PBXFileReference; lastKnownFileType = sourcecode.swift; name = "RollExport.swift"; path = "Utilities/RollExport.swift"; sourceTree = "<group>"; };
		E3D7BEC91B3594CDED8414DE /* SampleData.swift */ = {isa = PBXFileReference; lastKnownFileType = sourcecode.swift; name = "SampleData.swift"; path = "Utilities/SampleData.swift"; sourceTree = "<group>"; };
		EED27DB2198F1CF900DF76C2 /* CalculatorViewModel.swift */ = {isa = PBXFileReference; lastKnownFileType = sourcecode.swift; name = "CalculatorViewModel.swift"; path = "ViewModels/CalculatorViewModel.swift"; sourceTree = "<group>"; };
		2769B56B506F92A9EC0B0AD6 /* SettingsStore.swift */ = {isa = PBXFileReference; lastKnownFileType = sourcecode.swift; name = "SettingsStore.swift"; path = "ViewModels/SettingsStore.swift"; sourceTree = "<group>"; };
		B1684E322148006F04FFEC58 /* CalculatorView.swift */ = {isa = PBXFileReference; lastKnownFileType = sourcecode.swift; name = "CalculatorView.swift"; path = "Views/Calculator/CalculatorView.swift"; sourceTree = "<group>"; };
		32C4D4E2DCC5F9CA6E2CF90C /* Components.swift */ = {isa = PBXFileReference; lastKnownFileType = sourcecode.swift; name = "Components.swift"; path = "Views/Components/Components.swift"; sourceTree = "<group>"; };
		6F1AECA675076403684999AD /* FrameEditView.swift */ = {isa = PBXFileReference; lastKnownFileType = sourcecode.swift; name = "FrameEditView.swift"; path = "Views/FrameEditor/FrameEditView.swift"; sourceTree = "<group>"; };
		D77A2A17B8BA2354FF8110AB /* OnboardingView.swift */ = {isa = PBXFileReference; lastKnownFileType = sourcecode.swift; name = "OnboardingView.swift"; path = "Views/Onboarding/OnboardingView.swift"; sourceTree = "<group>"; };
		179278C1DBF1CA08E785A5C2 /* RollDetailView.swift */ = {isa = PBXFileReference; lastKnownFileType = sourcecode.swift; name = "RollDetailView.swift"; path = "Views/Rolls/RollDetailView.swift"; sourceTree = "<group>"; };
		1AE0EE5822E0ED6759A85661 /* RollEditView.swift */ = {isa = PBXFileReference; lastKnownFileType = sourcecode.swift; name = "RollEditView.swift"; path = "Views/Rolls/RollEditView.swift"; sourceTree = "<group>"; };
		5A11CAA8A9EA258AA29107D8 /* RollsListView.swift */ = {isa = PBXFileReference; lastKnownFileType = sourcecode.swift; name = "RollsListView.swift"; path = "Views/Rolls/RollsListView.swift"; sourceTree = "<group>"; };
		3EE222121CD6F08E637D4EA5 /* RootView.swift */ = {isa = PBXFileReference; lastKnownFileType = sourcecode.swift; name = "RootView.swift"; path = "Views/RootView.swift"; sourceTree = "<group>"; };
		9407BEE8B8BCA23C42831541 /* SettingsView.swift */ = {isa = PBXFileReference; lastKnownFileType = sourcecode.swift; name = "SettingsView.swift"; path = "Views/Settings/SettingsView.swift"; sourceTree = "<group>"; };
		592629F0244A5846AB5C79DD /* Assets.xcassets */ = {isa = PBXFileReference; lastKnownFileType = folder.assetcatalog; path = Assets.xcassets; sourceTree = "<group>"; };
		2AB78418B784E2B778594893 /* Preview Content */ = {isa = PBXFileReference; lastKnownFileType = folder.assetcatalog; path = "Preview Content"; sourceTree = "<group>"; };
/* End PBXFileReference section */

/* Begin PBXFrameworksBuildPhase section */
		69BE8A4D8E4D9DA4E7DB3928 /* Frameworks */ = {
			isa = PBXFrameworksBuildPhase;
			buildActionMask = 2147483647;
			files = (
			);
			runOnlyForDeploymentPostprocessing = 0;
		};
/* End PBXFrameworksBuildPhase section */

/* Begin PBXGroup section */
		E50290A24C49A459B43487C5 = {
			isa = PBXGroup;
			children = (
				69F8D45498D7E20DA99BB780 /* Apertura */,
				FBDC4F23F93125BBEEAE800C /* Products */,
				AB5D76948E8B8022B6DC48C4 /* Frameworks */,
			);
			sourceTree = "<group>";
		};
		69F8D45498D7E20DA99BB780 /* Apertura */ = {
			isa = PBXGroup;
			children = (
				2809120A867C51E4464FF753 /* AperturaApp.swift */,
				81B5D821F0B275919B10EEDC /* FilmFormat.swift */,
				F798CB06917DB856D1877807 /* Frame.swift */,
				E86881B3103AF886B2D6F253 /* Roll.swift */,
				AF8D3CB0EC162D5DE9EAA454 /* Brand.swift */,
				FF15F62ED241B5D4D92209DB /* Exposure.swift */,
				33DB2FADC2AA57B15B1EBCDC /* Haptics.swift */,
				AB676A6E6A48D408B8111718 /* RollExport.swift */,
				E3D7BEC91B3594CDED8414DE /* SampleData.swift */,
				EED27DB2198F1CF900DF76C2 /* CalculatorViewModel.swift */,
				2769B56B506F92A9EC0B0AD6 /* SettingsStore.swift */,
				B1684E322148006F04FFEC58 /* CalculatorView.swift */,
				32C4D4E2DCC5F9CA6E2CF90C /* Components.swift */,
				6F1AECA675076403684999AD /* FrameEditView.swift */,
				D77A2A17B8BA2354FF8110AB /* OnboardingView.swift */,
				179278C1DBF1CA08E785A5C2 /* RollDetailView.swift */,
				1AE0EE5822E0ED6759A85661 /* RollEditView.swift */,
				5A11CAA8A9EA258AA29107D8 /* RollsListView.swift */,
				3EE222121CD6F08E637D4EA5 /* RootView.swift */,
				9407BEE8B8BCA23C42831541 /* SettingsView.swift */,
				592629F0244A5846AB5C79DD /* Assets.xcassets */,
				2AB78418B784E2B778594893 /* Preview Content */,
			);
			path = Apertura;
			sourceTree = "<group>";
		};
		FBDC4F23F93125BBEEAE800C /* Products */ = {
			isa = PBXGroup;
			children = (
				85673086EF6CFD3A1F8591AF /* Apertura.app */,
			);
			name = Products;
			sourceTree = "<group>";
		};
		AB5D76948E8B8022B6DC48C4 /* Frameworks */ = {
			isa = PBXGroup;
			children = (
			);
			name = Frameworks;
			sourceTree = "<group>";
		};
/* End PBXGroup section */

/* Begin PBXNativeTarget section */
		0E8A3AD980EC179856012B7E /* Apertura */ = {
			isa = PBXNativeTarget;
			buildConfigurationList = D8AD3EF59D5AF3A47F516C5A /* Build configuration list for PBXNativeTarget "Apertura" */;
			buildPhases = (
				4E57AE888889001C06A4F7E8 /* Sources */,
				69BE8A4D8E4D9DA4E7DB3928 /* Frameworks */,
				D6C9E8A172005E68A1DD674F /* Resources */,
			);
			buildRules = (
			);
			dependencies = (
			);
			name = Apertura;
			productName = Apertura;
			productReference = 85673086EF6CFD3A1F8591AF /* Apertura.app */;
			productType = "com.apple.product-type.application";
		};
/* End PBXNativeTarget section */

/* Begin PBXProject section */
		98F54143AB4E86B28C3AFEE0 /* Project object */ = {
			isa = PBXProject;
			attributes = {
				BuildIndependentTargetsInParallel = 1;
				LastSwiftUpdateCheck = 1500;
				LastUpgradeCheck = 1500;
				TargetAttributes = {
					0E8A3AD980EC179856012B7E = {
						CreatedOnToolsVersion = 15.0;
					};
				};
			};
			buildConfigurationList = 642847098F0B60C253877A57 /* Build configuration list for PBXProject "Apertura" */;
			compatibilityVersion = "Xcode 14.0";
			developmentRegion = en;
			hasScannedForEncodings = 0;
			knownRegions = (
				en,
				Base,
			);
			mainGroup = E50290A24C49A459B43487C5;
			productRefGroup = FBDC4F23F93125BBEEAE800C /* Products */;
			projectDirPath = "";
			projectRoot = "";
			targets = (
				0E8A3AD980EC179856012B7E /* Apertura */,
			);
		};
/* End PBXProject section */

/* Begin PBXResourcesBuildPhase section */
		D6C9E8A172005E68A1DD674F /* Resources */ = {
			isa = PBXResourcesBuildPhase;
			buildActionMask = 2147483647;
			files = (
				35C83EAA5A1B508FE07687EB /* Preview Content in Resources */,
				44BE0160A81EA8065772CB6A /* Assets.xcassets in Resources */,
			);
			runOnlyForDeploymentPostprocessing = 0;
		};
/* End PBXResourcesBuildPhase section */

/* Begin PBXSourcesBuildPhase section */
		4E57AE888889001C06A4F7E8 /* Sources */ = {
			isa = PBXSourcesBuildPhase;
			buildActionMask = 2147483647;
			files = (
				597B6D68009BB33533FE6411 /* AperturaApp.swift in Sources */,
				B9831640A89E9B826D2C7B66 /* FilmFormat.swift in Sources */,
				1873DF46800ED200184DFE44 /* Frame.swift in Sources */,
				2116402E1A3CFBCB1EC577C8 /* Roll.swift in Sources */,
				CC9CE5812CD5FAC5BADF9E04 /* Brand.swift in Sources */,
				507D81925FF7A8493AB537F6 /* Exposure.swift in Sources */,
				1C256034CB597D787254AE6D /* Haptics.swift in Sources */,
				09A910053490F4A0E3824385 /* RollExport.swift in Sources */,
				D36FBC5C723A48B0EC9D8547 /* SampleData.swift in Sources */,
				D6210C748E5E01EB7FD4D6B8 /* CalculatorViewModel.swift in Sources */,
				C5ADFA138218C5370A09DD27 /* SettingsStore.swift in Sources */,
				7F2C9F20E95E7F2B84D1FFA2 /* CalculatorView.swift in Sources */,
				2C76DB56163520482061DDC6 /* Components.swift in Sources */,
				2A2A0241C027AA3B6E6375E6 /* FrameEditView.swift in Sources */,
				19C93352AF31EE3E5280391F /* OnboardingView.swift in Sources */,
				8BCF4D55EB5DD32D99A92026 /* RollDetailView.swift in Sources */,
				74A6458DF04770BF3A19A8B4 /* RollEditView.swift in Sources */,
				104DD02917574F121F4554FE /* RollsListView.swift in Sources */,
				9D04D54C2DD811DCF782D248 /* RootView.swift in Sources */,
				C51E099FDFCD6A42A16224C6 /* SettingsView.swift in Sources */,
			);
			runOnlyForDeploymentPostprocessing = 0;
		};
/* End PBXSourcesBuildPhase section */

/* Begin XCBuildConfiguration section */
		920C57D0DA386BF254949DF9 /* Debug */ = {
			isa = XCBuildConfiguration;
			buildSettings = {
				ALWAYS_SEARCH_USER_PATHS = NO;
				CLANG_ANALYZER_NONNULL = YES;
				CLANG_ENABLE_MODULES = YES;
				CLANG_ENABLE_OBJC_ARC = YES;
				COPY_PHASE_STRIP = NO;
				ENABLE_STRICT_OBJC_MSGSEND = YES;
				GCC_C_LANGUAGE_STANDARD = gnu17;
				GCC_NO_COMMON_BLOCKS = YES;
				IPHONEOS_DEPLOYMENT_TARGET = 17.0;
				MTL_ENABLE_DEBUG_INFO = NO;
				SDKROOT = iphoneos;
				SWIFT_VERSION = 5.0;
				DEBUG_INFORMATION_FORMAT = dwarf;
				ENABLE_TESTABILITY = YES;
				GCC_DYNAMIC_NO_PIC = NO;
				GCC_OPTIMIZATION_LEVEL = 0;
				GCC_PREPROCESSOR_DEFINITIONS = (
					"DEBUG=1",
					"$(inherited)",
				);
				MTL_FAST_MATH = YES;
				ONLY_ACTIVE_ARCH = YES;
				SWIFT_ACTIVE_COMPILATION_CONDITIONS = "DEBUG $(inherited)";
				SWIFT_OPTIMIZATION_LEVEL = "-Onone";
			};
			name = Debug;
		};
		DB9D43B9A41A7AF4CFA1BF4A /* Release */ = {
			isa = XCBuildConfiguration;
			buildSettings = {
				ALWAYS_SEARCH_USER_PATHS = NO;
				CLANG_ANALYZER_NONNULL = YES;
				CLANG_ENABLE_MODULES = YES;
				CLANG_ENABLE_OBJC_ARC = YES;
				COPY_PHASE_STRIP = NO;
				ENABLE_STRICT_OBJC_MSGSEND = YES;
				GCC_C_LANGUAGE_STANDARD = gnu17;
				GCC_NO_COMMON_BLOCKS = YES;
				IPHONEOS_DEPLOYMENT_TARGET = 17.0;
				MTL_ENABLE_DEBUG_INFO = NO;
				SDKROOT = iphoneos;
				SWIFT_VERSION = 5.0;
				DEBUG_INFORMATION_FORMAT = "dwarf-with-dsym";
				ENABLE_NS_ASSERTIONS = NO;
				MTL_FAST_MATH = YES;
				SWIFT_COMPILATION_MODE = wholemodule;
			};
			name = Release;
		};
		B52D0FFB021E8F69445DE3D1 /* Debug */ = {
			isa = XCBuildConfiguration;
			buildSettings = {
				ASSETCATALOG_COMPILER_APPICON_NAME = AppIcon;
				ASSETCATALOG_COMPILER_GLOBAL_ACCENT_COLOR_NAME = AccentColor;
				CODE_SIGN_STYLE = Automatic;
				CURRENT_PROJECT_VERSION = 1;
				DEVELOPMENT_ASSET_PATHS = "\"Apertura/Preview Content\"";
				ENABLE_PREVIEWS = YES;
				GENERATE_INFOPLIST_FILE = NO;
				INFOPLIST_FILE = Apertura/Info.plist;
				INFOPLIST_KEY_UIApplicationSupportsIndirectInputEvents = YES;
				LD_RUNPATH_SEARCH_PATHS = (
					"$(inherited)",
					"@executable_path/Frameworks",
				);
				MARKETING_VERSION = 1.0;
				PRODUCT_BUNDLE_IDENTIFIER = com.orbioom.apertura;
				PRODUCT_NAME = "$(TARGET_NAME)";
				SWIFT_EMIT_LOC_STRINGS = YES;
				TARGETED_DEVICE_FAMILY = "1,2";
				SWIFT_OPTIMIZATION_LEVEL = "-Onone";
			};
			name = ;
		};
		777513FA364619292C6CE7C0 /* Release */ = {
			isa = XCBuildConfiguration;
			buildSettings = {
				ASSETCATALOG_COMPILER_APPICON_NAME = AppIcon;
				ASSETCATALOG_COMPILER_GLOBAL_ACCENT_COLOR_NAME = AccentColor;
				CODE_SIGN_STYLE = Automatic;
				CURRENT_PROJECT_VERSION = 1;
				DEVELOPMENT_ASSET_PATHS = "\"Apertura/Preview Content\"";
				ENABLE_PREVIEWS = YES;
				GENERATE_INFOPLIST_FILE = NO;
				INFOPLIST_FILE = Apertura/Info.plist;
				INFOPLIST_KEY_UIApplicationSupportsIndirectInputEvents = YES;
				LD_RUNPATH_SEARCH_PATHS = (
					"$(inherited)",
					"@executable_path/Frameworks",
				);
				MARKETING_VERSION = 1.0;
				PRODUCT_BUNDLE_IDENTIFIER = com.orbioom.apertura;
				PRODUCT_NAME = "$(TARGET_NAME)";
				SWIFT_EMIT_LOC_STRINGS = YES;
				TARGETED_DEVICE_FAMILY = "1,2";
			};
			name = ;
		};
/* End XCBuildConfiguration section */

/* Begin XCConfigurationList section */
		642847098F0B60C253877A57 /* Build configuration list for PBXProject "Apertura" */ = {
			isa = XCConfigurationList;
			buildConfigurations = (
				920C57D0DA386BF254949DF9 /* Debug */,
				DB9D43B9A41A7AF4CFA1BF4A /* Release */,
			);
			defaultConfigurationIsVisible = 0;
			defaultConfigurationName = Release;
		};
		D8AD3EF59D5AF3A47F516C5A /* Build configuration list for PBXNativeTarget "Apertura" */ = {
			isa = XCConfigurationList;
			buildConfigurations = (
				B52D0FFB021E8F69445DE3D1 /* Debug */,
				777513FA364619292C6CE7C0 /* Release */,
			);
			defaultConfigurationIsVisible = 0;
			defaultConfigurationName = Release;
		};
/* End XCConfigurationList section */
	};
	rootObject = 98F54143AB4E86B28C3AFEE0 /* Project object */;
}
